
Microsoft Visual Studio Solution File, Format Version 12.00
# Visual Studio 15
VisualStudioVersion = 15.0.28307.136
MinimumVisualStudioVersion = 10.0.40219.1
Project("{9A19103F-16F7-4668-BE54-9A1E7A4F7556}") = "DCPServiceRepository", "DCPServiceRepository\DCPServiceRepository.csproj", "{C460B9FA-D259-4B40-A82B-2BED8D03C1B3}"
EndProject
Global
	GlobalSection(SolutionConfigurationPlatforms) = preSolution
		Debug|Any CPU = Debug|Any CPU
		Release|Any CPU = Release|Any CPU
	EndGlobalSection
	GlobalSection(ProjectConfigurationPlatforms) = postSolution
		{C460B9FA-D259-4B40-A82B-2BED8D03C1B3}.Debug|Any CPU.ActiveCfg = Debug|Any CPU
		{C460B9FA-D259-4B40-A82B-2BED8D03C1B3}.Debug|Any CPU.Build.0 = Debug|Any CPU
		{C460B9FA-D259-4B40-A82B-2BED8D03C1B3}.Release|Any CPU.ActiveCfg = Release|Any CPU
		{C460B9FA-D259-4B40-A82B-2BED8D03C1B3}.Release|Any CPU.Build.0 = Release|Any CPU
	EndGlobalSection
	GlobalSection(SolutionProperties) = preSolution
		HideSolutionNode = FALSE
	EndGlobalSection
	GlobalSection(ExtensibilityGlobals) = postSolution
		SolutionGuid = {83F978B4-762E-4754-A0A1-4C3E4DA7F305}
	EndGlobalSection
EndGlobal
